// !$*UTF8*$!
{
	archiveVersion = 1;
	classes = {
	};
	objectVersion = 46;
	objects = {

/* Begin PBXBuildFile section */
		ADE211BF1ABCA7F9006EE1AA /* CollisionCategories.swift in Sources */ = {isa = PBXBuildFile; fileRef = ADE211BE1ABCA7F9006EE1AA /* CollisionCategories.swift */; };
		D04254A61AB8AA1C00191A40 /* GameKitHelper.m in Sources */ = {isa = PBXBuildFile; fileRef = D04254A51AB8AA1C00191A40 /* GameKitHelper.m */; };
		D04254A81AB980EE00191A40 /* Message.swift in Sources */ = {isa = PBXBuildFile; fileRef = D04254A71AB980EE00191A40 /* Message.swift */; };
		D04254AA1AB9988400191A40 /* MultiplayerGameScene.swift in Sources */ = {isa = PBXBuildFile; fileRef = D04254A91AB9988400191A40 /* MultiplayerGameScene.swift */; };
		D0506FD01ABAF06E0009BD7E /* Platform.swift in Sources */ = {isa = PBXBuildFile; fileRef = D0506FCF1ABAF06E0009BD7E /* Platform.swift */; };
		D0506FD51ABAF9E90009BD7E /* WorldFactory.swift in Sources */ = {isa = PBXBuildFile; fileRef = D0506FD41ABAF9E90009BD7E /* WorldFactory.swift */; };
		D0507AC01AB8531F00977F08 /* GameKit.framework in Frameworks */ = {isa = PBXBuildFile; fileRef = D0507ABF1AB8531F00977F08 /* GameKit.framework */; };
		D0B51CBD1AB7589100C26D1F /* AppDelegate.swift in Sources */ = {isa = PBXBuildFile; fileRef = D0B51CBC1AB7589100C26D1F /* AppDelegate.swift */; };
		D0B51CBF1AB7589100C26D1F /* GameScene.sks in Resources */ = {isa = PBXBuildFile; fileRef = D0B51CBE1AB7589100C26D1F /* GameScene.sks */; };
		D0B51CC11AB7589100C26D1F /* GameScene.swift in Sources */ = {isa = PBXBuildFile; fileRef = D0B51CC01AB7589100C26D1F /* GameScene.swift */; };
		D0B51CC31AB7589100C26D1F /* GameViewController.swift in Sources */ = {isa = PBXBuildFile; fileRef = D0B51CC21AB7589100C26D1F /* GameViewController.swift */; };
		D0B51CC61AB7589100C26D1F /* Main.storyboard in Resources */ = {isa = PBXBuildFile; fileRef = D0B51CC41AB7589100C26D1F /* Main.storyboard */; };
		D0B51CC81AB7589100C26D1F /* Images.xcassets in Resources */ = {isa = PBXBuildFile; fileRef = D0B51CC71AB7589100C26D1F /* Images.xcassets */; };
		D0B51CCB1AB7589100C26D1F /* LaunchScreen.xib in Resources */ = {isa = PBXBuildFile; fileRef = D0B51CC91AB7589100C26D1F /* LaunchScreen.xib */; };
		D0B51CD71AB7589100C26D1F /* Skyward_JumpTests.swift in Sources */ = {isa = PBXBuildFile; fileRef = D0B51CD61AB7589100C26D1F /* Skyward_JumpTests.swift */; };
		D0B51CE11AB75E2200C26D1F /* MainMenuViewController.swift in Sources */ = {isa = PBXBuildFile; fileRef = D0B51CE01AB75E2200C26D1F /* MainMenuViewController.swift */; };
		D0B51CE41AB7776500C26D1F /* CharacterSprite.swift in Sources */ = {isa = PBXBuildFile; fileRef = D0B51CE31AB7776500C26D1F /* CharacterSprite.swift */; };
		D0B51CE61AB7779300C26D1F /* CloudSprite.swift in Sources */ = {isa = PBXBuildFile; fileRef = D0B51CE51AB7779300C26D1F /* CloudSprite.swift */; };
		D0B51CE91AB7785C00C26D1F /* MultiplayerManager.swift in Sources */ = {isa = PBXBuildFile; fileRef = D0B51CE81AB7785C00C26D1F /* MultiplayerManager.swift */; };
		D0B51CEB1AB7786C00C26D1F /* CommunicationStrategy.swift in Sources */ = {isa = PBXBuildFile; fileRef = D0B51CEA1AB7786C00C26D1F /* CommunicationStrategy.swift */; };
		D0B51CED1AB778BB00C26D1F /* GameCenterCommunication.swift in Sources */ = {isa = PBXBuildFile; fileRef = D0B51CEC1AB778BB00C26D1F /* GameCenterCommunication.swift */; };
		D0B51CF11AB7797E00C26D1F /* World.swift in Sources */ = {isa = PBXBuildFile; fileRef = D0B51CF01AB7797E00C26D1F /* World.swift */; };
		E338C5CD1ABF3DB80057C5FC /* bounce.mp3 in Resources */ = {isa = PBXBuildFile; fileRef = E338C5CC1ABF3DB80057C5FC /* bounce.mp3 */; };
/* End PBXBuildFile section */

/* Begin PBXContainerItemProxy section */
		D0B51CD11AB7589100C26D1F /* PBXContainerItemProxy */ = {
			isa = PBXContainerItemProxy;
			containerPortal = D0B51CAF1AB7589100C26D1F /* Project object */;
			proxyType = 1;
			remoteGlobalIDString = D0B51CB61AB7589100C26D1F;
			remoteInfo = "Skyward Jump";
		};
/* End PBXContainerItemProxy section */

/* Begin PBXFileReference section */
		ADE211BE1ABCA7F9006EE1AA /* CollisionCategories.swift */ = {isa = PBXFileReference; fileEncoding = 4; lastKnownFileType = sourcecode.swift; path = CollisionCategories.swift; sourceTree = "<group>"; };
		D04254A31AB8AA1C00191A40 /* Skyward Jump-Bridging-Header.h */ = {isa = PBXFileReference; lastKnownFileType = sourcecode.c.h; path = "Skyward Jump-Bridging-Header.h"; sourceTree = "<group>"; };
		D04254A41AB8AA1C00191A40 /* GameKitHelper.h */ = {isa = PBXFileReference; fileEncoding = 4; lastKnownFileType = sourcecode.c.h; path = GameKitHelper.h; sourceTree = "<group>"; };
		D04254A51AB8AA1C00191A40 /* GameKitHelper.m */ = {isa = PBXFileReference; fileEncoding = 4; lastKnownFileType = sourcecode.c.objc; path = GameKitHelper.m; sourceTree = "<group>"; };
		D04254A71AB980EE00191A40 /* Message.swift */ = {isa = PBXFileReference; fileEncoding = 4; lastKnownFileType = sourcecode.swift; path = Message.swift; sourceTree = "<group>"; };
		D04254A91AB9988400191A40 /* MultiplayerGameScene.swift */ = {isa = PBXFileReference; fileEncoding = 4; lastKnownFileType = sourcecode.swift; path = MultiplayerGameScene.swift; sourceTree = "<group>"; };
		D0506FCF1ABAF06E0009BD7E /* Platform.swift */ = {isa = PBXFileReference; fileEncoding = 4; lastKnownFileType = sourcecode.swift; path = Platform.swift; sourceTree = "<group>"; };
		D0506FD41ABAF9E90009BD7E /* WorldFactory.swift */ = {isa = PBXFileReference; fileEncoding = 4; lastKnownFileType = sourcecode.swift; path = WorldFactory.swift; sourceTree = "<group>"; };
		D0507ABF1AB8531F00977F08 /* GameKit.framework */ = {isa = PBXFileReference; lastKnownFileType = wrapper.framework; name = GameKit.framework; path = System/Library/Frameworks/GameKit.framework; sourceTree = SDKROOT; };
		D0B51CB71AB7589100C26D1F /* Skyward Jump.app */ = {isa = PBXFileReference; explicitFileType = wrapper.application; includeInIndex = 0; path = "Skyward Jump.app"; sourceTree = BUILT_PRODUCTS_DIR; };
		D0B51CBB1AB7589100C26D1F /* Info.plist */ = {isa = PBXFileReference; lastKnownFileType = text.plist.xml; path = Info.plist; sourceTree = "<group>"; };
		D0B51CBC1AB7589100C26D1F /* AppDelegate.swift */ = {isa = PBXFileReference; lastKnownFileType = sourcecode.swift; path = AppDelegate.swift; sourceTree = "<group>"; };
		D0B51CBE1AB7589100C26D1F /* GameScene.sks */ = {isa = PBXFileReference; lastKnownFileType = file.sks; path = GameScene.sks; sourceTree = "<group>"; };
		D0B51CC01AB7589100C26D1F /* GameScene.swift */ = {isa = PBXFileReference; lastKnownFileType = sourcecode.swift; path = GameScene.swift; sourceTree = "<group>"; };
		D0B51CC21AB7589100C26D1F /* GameViewController.swift */ = {isa = PBXFileReference; lastKnownFileType = sourcecode.swift; path = GameViewController.swift; sourceTree = "<group>"; };
		D0B51CC51AB7589100C26D1F /* Base */ = {isa = PBXFileReference; lastKnownFileType = file.storyboard; name = Base; path = Base.lproj/Main.storyboard; sourceTree = "<group>"; };
		D0B51CC71AB7589100C26D1F /* Images.xcassets */ = {isa = PBXFileReference; lastKnownFileType = folder.assetcatalog; path = Images.xcassets; sourceTree = "<group>"; };
		D0B51CCA1AB7589100C26D1F /* Base */ = {isa = PBXFileReference; lastKnownFileType = file.xib; name = Base; path = Base.lproj/LaunchScreen.xib; sourceTree = "<group>"; };
		D0B51CD01AB7589100C26D1F /* Skyward JumpTests.xctest */ = {isa = PBXFileReference; explicitFileType = wrapper.cfbundle; includeInIndex = 0; path = "Skyward JumpTests.xctest"; sourceTree = BUILT_PRODUCTS_DIR; };
		D0B51CD51AB7589100C26D1F /* Info.plist */ = {isa = PBXFileReference; lastKnownFileType = text.plist.xml; path = Info.plist; sourceTree = "<group>"; };
		D0B51CD61AB7589100C26D1F /* Skyward_JumpTests.swift */ = {isa = PBXFileReference; lastKnownFileType = sourcecode.swift; path = Skyward_JumpTests.swift; sourceTree = "<group>"; };
		D0B51CE01AB75E2200C26D1F /* MainMenuViewController.swift */ = {isa = PBXFileReference; fileEncoding = 4; lastKnownFileType = sourcecode.swift; path = MainMenuViewController.swift; sourceTree = "<group>"; };
		D0B51CE31AB7776500C26D1F /* CharacterSprite.swift */ = {isa = PBXFileReference; fileEncoding = 4; lastKnownFileType = sourcecode.swift; path = CharacterSprite.swift; sourceTree = "<group>"; };
		D0B51CE51AB7779300C26D1F /* CloudSprite.swift */ = {isa = PBXFileReference; fileEncoding = 4; lastKnownFileType = sourcecode.swift; path = CloudSprite.swift; sourceTree = "<group>"; };
		D0B51CE81AB7785C00C26D1F /* MultiplayerManager.swift */ = {isa = PBXFileReference; fileEncoding = 4; lastKnownFileType = sourcecode.swift; path = MultiplayerManager.swift; sourceTree = "<group>"; };
		D0B51CEA1AB7786C00C26D1F /* CommunicationStrategy.swift */ = {isa = PBXFileReference; fileEncoding = 4; lastKnownFileType = sourcecode.swift; path = CommunicationStrategy.swift; sourceTree = "<group>"; };
		D0B51CEC1AB778BB00C26D1F /* GameCenterCommunication.swift */ = {isa = PBXFileReference; fileEncoding = 4; lastKnownFileType = sourcecode.swift; path = GameCenterCommunication.swift; sourceTree = "<group>"; };
		D0B51CF01AB7797E00C26D1F /* World.swift */ = {isa = PBXFileReference; fileEncoding = 4; lastKnownFileType = sourcecode.swift; path = World.swift; sourceTree = "<group>"; };
		E338C5CC1ABF3DB80057C5FC /* bounce.mp3 */ = {isa = PBXFileReference; lastKnownFileType = audio.mp3; path = bounce.mp3; sourceTree = "<group>"; };
/* End PBXFileReference section */

/* Begin PBXFrameworksBuildPhase section */
		D0B51CB41AB7589100C26D1F /* Frameworks */ = {
			isa = PBXFrameworksBuildPhase;
			buildActionMask = 2147483647;
			files = (
				D0507AC01AB8531F00977F08 /* GameKit.framework in Frameworks */,
			);
			runOnlyForDeploymentPostprocessing = 0;
		};
		D0B51CCD1AB7589100C26D1F /* Frameworks */ = {
			isa = PBXFrameworksBuildPhase;
			buildActionMask = 2147483647;
			files = (
			);
			runOnlyForDeploymentPostprocessing = 0;
		};
/* End PBXFrameworksBuildPhase section */

/* Begin PBXGroup section */
		D0506FD11ABAF0C70009BD7E /* World */ = {
			isa = PBXGroup;
			children = (
				D0B51CF01AB7797E00C26D1F /* World.swift */,
				D0506FCF1ABAF06E0009BD7E /* Platform.swift */,
				D0506FD41ABAF9E90009BD7E /* WorldFactory.swift */,
			);
			name = World;
			sourceTree = "<group>";
		};
		D0B51CAE1AB7589100C26D1F = {
			isa = PBXGroup;
			children = (
				D0507ABF1AB8531F00977F08 /* GameKit.framework */,
				D0B51CB91AB7589100C26D1F /* Skyward Jump */,
				D0B51CD31AB7589100C26D1F /* Skyward JumpTests */,
				D0B51CB81AB7589100C26D1F /* Products */,
			);
			sourceTree = "<group>";
		};
		D0B51CB81AB7589100C26D1F /* Products */ = {
			isa = PBXGroup;
			children = (
				D0B51CB71AB7589100C26D1F /* Skyward Jump.app */,
				D0B51CD01AB7589100C26D1F /* Skyward JumpTests.xctest */,
			);
			name = Products;
			sourceTree = "<group>";
		};
		D0B51CB91AB7589100C26D1F /* Skyward Jump */ = {
			isa = PBXGroup;
			children = (
				D0B51CEE1AB7794500C26D1F /* ViewControllers */,
				D0B51CE71AB7785200C26D1F /* Multiplayer */,
				D0B51CE21AB7775900C26D1F /* Sprites */,
				D0B51CEF1AB7795300C26D1F /* Scenes */,
				D0506FD11ABAF0C70009BD7E /* World */,
				D0B51CBC1AB7589100C26D1F /* AppDelegate.swift */,
				D0B51CC41AB7589100C26D1F /* Main.storyboard */,
				D0B51CC71AB7589100C26D1F /* Images.xcassets */,
				D0B51CC91AB7589100C26D1F /* LaunchScreen.xib */,
				D0B51CBA1AB7589100C26D1F /* Supporting Files */,
				D04254A31AB8AA1C00191A40 /* Skyward Jump-Bridging-Header.h */,
			);
			path = "Skyward Jump";
			sourceTree = "<group>";
		};
		D0B51CBA1AB7589100C26D1F /* Supporting Files */ = {
			isa = PBXGroup;
			children = (
				E338C5CC1ABF3DB80057C5FC /* bounce.mp3 */,
				D0B51CBB1AB7589100C26D1F /* Info.plist */,
			);
			name = "Supporting Files";
			sourceTree = "<group>";
		};
		D0B51CD31AB7589100C26D1F /* Skyward JumpTests */ = {
			isa = PBXGroup;
			children = (
				D0B51CD61AB7589100C26D1F /* Skyward_JumpTests.swift */,
				D0B51CD41AB7589100C26D1F /* Supporting Files */,
			);
			path = "Skyward JumpTests";
			sourceTree = "<group>";
		};
		D0B51CD41AB7589100C26D1F /* Supporting Files */ = {
			isa = PBXGroup;
			children = (
				D0B51CD51AB7589100C26D1F /* Info.plist */,
			);
			name = "Supporting Files";
			sourceTree = "<group>";
		};
		D0B51CE21AB7775900C26D1F /* Sprites */ = {
			isa = PBXGroup;
			children = (
				D0B51CE31AB7776500C26D1F /* CharacterSprite.swift */,
				D0B51CE51AB7779300C26D1F /* CloudSprite.swift */,
				ADE211BE1ABCA7F9006EE1AA /* CollisionCategories.swift */,
			);
			name = Sprites;
			sourceTree = "<group>";
		};
		D0B51CE71AB7785200C26D1F /* Multiplayer */ = {
			isa = PBXGroup;
			children = (
				D04254A41AB8AA1C00191A40 /* GameKitHelper.h */,
				D04254A51AB8AA1C00191A40 /* GameKitHelper.m */,
				D0B51CE81AB7785C00C26D1F /* MultiplayerManager.swift */,
				D0B51CEA1AB7786C00C26D1F /* CommunicationStrategy.swift */,
				D0B51CEC1AB778BB00C26D1F /* GameCenterCommunication.swift */,
				D04254A71AB980EE00191A40 /* Message.swift */,
			);
			name = Multiplayer;
			sourceTree = "<group>";
		};
		D0B51CEE1AB7794500C26D1F /* ViewControllers */ = {
			isa = PBXGroup;
			children = (
				D0B51CE01AB75E2200C26D1F /* MainMenuViewController.swift */,
				D0B51CC21AB7589100C26D1F /* GameViewController.swift */,
			);
			name = ViewControllers;
			sourceTree = "<group>";
		};
		D0B51CEF1AB7795300C26D1F /* Scenes */ = {
			isa = PBXGroup;
			children = (
				D0B51CBE1AB7589100C26D1F /* GameScene.sks */,
				D0B51CC01AB7589100C26D1F /* GameScene.swift */,
				D04254A91AB9988400191A40 /* MultiplayerGameScene.swift */,
			);
			name = Scenes;
			sourceTree = "<group>";
		};
/* End PBXGroup section */

/* Begin PBXNativeTarget section */
		D0B51CB61AB7589100C26D1F /* Skyward Jump */ = {
			isa = PBXNativeTarget;
			buildConfigurationList = D0B51CDA1AB7589100C26D1F /* Build configuration list for PBXNativeTarget "Skyward Jump" */;
			buildPhases = (
				D0B51CB31AB7589100C26D1F /* Sources */,
				D0B51CB41AB7589100C26D1F /* Frameworks */,
				D0B51CB51AB7589100C26D1F /* Resources */,
			);
			buildRules = (
			);
			dependencies = (
			);
			name = "Skyward Jump";
			productName = "Skyward Jump";
			productReference = D0B51CB71AB7589100C26D1F /* Skyward Jump.app */;
			productType = "com.apple.product-type.application";
		};
		D0B51CCF1AB7589100C26D1F /* Skyward JumpTests */ = {
			isa = PBXNativeTarget;
			buildConfigurationList = D0B51CDD1AB7589100C26D1F /* Build configuration list for PBXNativeTarget "Skyward JumpTests" */;
			buildPhases = (
				D0B51CCC1AB7589100C26D1F /* Sources */,
				D0B51CCD1AB7589100C26D1F /* Frameworks */,
				D0B51CCE1AB7589100C26D1F /* Resources */,
			);
			buildRules = (
			);
			dependencies = (
				D0B51CD21AB7589100C26D1F /* PBXTargetDependency */,
			);
			name = "Skyward JumpTests";
			productName = "Skyward JumpTests";
			productReference = D0B51CD01AB7589100C26D1F /* Skyward JumpTests.xctest */;
			productType = "com.apple.product-type.bundle.unit-test";
		};
/* End PBXNativeTarget section */

/* Begin PBXProject section */
		D0B51CAF1AB7589100C26D1F /* Project object */ = {
			isa = PBXProject;
			attributes = {
				LastUpgradeCheck = 0620;
				ORGANIZATIONNAME = NTNU;
				TargetAttributes = {
					D0B51CB61AB7589100C26D1F = {
						CreatedOnToolsVersion = 6.2;
						DevelopmentTeam = 5VWB99DS38;
						SystemCapabilities = {
							com.apple.GameCenter = {
								enabled = 1;
							};
						};
					};
					D0B51CCF1AB7589100C26D1F = {
						CreatedOnToolsVersion = 6.2;
						TestTargetID = D0B51CB61AB7589100C26D1F;
					};
				};
			};
			buildConfigurationList = D0B51CB21AB7589100C26D1F /* Build configuration list for PBXProject "Skyward Jump" */;
			compatibilityVersion = "Xcode 3.2";
			developmentRegion = English;
			hasScannedForEncodings = 0;
			knownRegions = (
				en,
				Base,
			);
			mainGroup = D0B51CAE1AB7589100C26D1F;
			productRefGroup = D0B51CB81AB7589100C26D1F /* Products */;
			projectDirPath = "";
			projectRoot = "";
			targets = (
				D0B51CB61AB7589100C26D1F /* Skyward Jump */,
				D0B51CCF1AB7589100C26D1F /* Skyward JumpTests */,
			);
		};
/* End PBXProject section */

/* Begin PBXResourcesBuildPhase section */
		D0B51CB51AB7589100C26D1F /* Resources */ = {
			isa = PBXResourcesBuildPhase;
			buildActionMask = 2147483647;
			files = (
				D0B51CCB1AB7589100C26D1F /* LaunchScreen.xib in Resources */,
				D0B51CC81AB7589100C26D1F /* Images.xcassets in Resources */,
				D0B51CBF1AB7589100C26D1F /* GameScene.sks in Resources */,
				D0B51CC61AB7589100C26D1F /* Main.storyboard in Resources */,
				E338C5CD1ABF3DB80057C5FC /* bounce.mp3 in Resources */,
			);
			runOnlyForDeploymentPostprocessing = 0;
		};
		D0B51CCE1AB7589100C26D1F /* Resources */ = {
			isa = PBXResourcesBuildPhase;
			buildActionMask = 2147483647;
			files = (
			);
			runOnlyForDeploymentPostprocessing = 0;
		};
/* End PBXResourcesBuildPhase section */

/* Begin PBXSourcesBuildPhase section */
		D0B51CB31AB7589100C26D1F /* Sources */ = {
			isa = PBXSourcesBuildPhase;
			buildActionMask = 2147483647;
			files = (
				D0506FD51ABAF9E90009BD7E /* WorldFactory.swift in Sources */,
				D0506FD01ABAF06E0009BD7E /* Platform.swift in Sources */,
				D04254AA1AB9988400191A40 /* MultiplayerGameScene.swift in Sources */,
				D04254A61AB8AA1C00191A40 /* GameKitHelper.m in Sources */,
				D0B51CE11AB75E2200C26D1F /* MainMenuViewController.swift in Sources */,
				D0B51CC11AB7589100C26D1F /* GameScene.swift in Sources */,
				ADE211BF1ABCA7F9006EE1AA /* CollisionCategories.swift in Sources */,
				D0B51CE91AB7785C00C26D1F /* MultiplayerManager.swift in Sources */,
				D0B51CE61AB7779300C26D1F /* CloudSprite.swift in Sources */,
				D0B51CF11AB7797E00C26D1F /* World.swift in Sources */,
				D0B51CC31AB7589100C26D1F /* GameViewController.swift in Sources */,
				D0B51CE41AB7776500C26D1F /* CharacterSprite.swift in Sources */,
				D0B51CBD1AB7589100C26D1F /* AppDelegate.swift in Sources */,
				D04254A81AB980EE00191A40 /* Message.swift in Sources */,
				D0B51CEB1AB7786C00C26D1F /* CommunicationStrategy.swift in Sources */,
				D0B51CED1AB778BB00C26D1F /* GameCenterCommunication.swift in Sources */,
			);
			runOnlyForDeploymentPostprocessing = 0;
		};
		D0B51CCC1AB7589100C26D1F /* Sources */ = {
			isa = PBXSourcesBuildPhase;
			buildActionMask = 2147483647;
			files = (
				D0B51CD71AB7589100C26D1F /* Skyward_JumpTests.swift in Sources */,
			);
			runOnlyForDeploymentPostprocessing = 0;
		};
/* End PBXSourcesBuildPhase section */

/* Begin PBXTargetDependency section */
		D0B51CD21AB7589100C26D1F /* PBXTargetDependency */ = {
			isa = PBXTargetDependency;
			target = D0B51CB61AB7589100C26D1F /* Skyward Jump */;
			targetProxy = D0B51CD11AB7589100C26D1F /* PBXContainerItemProxy */;
		};
/* End PBXTargetDependency section */

/* Begin PBXVariantGroup section */
		D0B51CC41AB7589100C26D1F /* Main.storyboard */ = {
			isa = PBXVariantGroup;
			children = (
				D0B51CC51AB7589100C26D1F /* Base */,
			);
			name = Main.storyboard;
			sourceTree = "<group>";
		};
		D0B51CC91AB7589100C26D1F /* LaunchScreen.xib */ = {
			isa = PBXVariantGroup;
			children = (
				D0B51CCA1AB7589100C26D1F /* Base */,
			);
			name = LaunchScreen.xib;
			sourceTree = "<group>";
		};
/* End PBXVariantGroup section */

/* Begin XCBuildConfiguration section */
		D0B51CD81AB7589100C26D1F /* Debug */ = {
			isa = XCBuildConfiguration;
			buildSettings = {
				ALWAYS_SEARCH_USER_PATHS = NO;
				CLANG_CXX_LANGUAGE_STANDARD = "gnu++0x";
				CLANG_CXX_LIBRARY = "libc++";
				CLANG_ENABLE_MODULES = YES;
				CLANG_ENABLE_OBJC_ARC = YES;
				CLANG_WARN_BOOL_CONVERSION = YES;
				CLANG_WARN_CONSTANT_CONVERSION = YES;
				CLANG_WARN_DIRECT_OBJC_ISA_USAGE = YES_ERROR;
				CLANG_WARN_EMPTY_BODY = YES;
				CLANG_WARN_ENUM_CONVERSION = YES;
				CLANG_WARN_INT_CONVERSION = YES;
				CLANG_WARN_OBJC_ROOT_CLASS = YES_ERROR;
				CLANG_WARN_UNREACHABLE_CODE = YES;
				CLANG_WARN__DUPLICATE_METHOD_MATCH = YES;
				"CODE_SIGN_IDENTITY[sdk=iphoneos*]" = "iPhone Developer";
				COPY_PHASE_STRIP = NO;
				ENABLE_STRICT_OBJC_MSGSEND = YES;
				GCC_C_LANGUAGE_STANDARD = gnu99;
				GCC_DYNAMIC_NO_PIC = NO;
				GCC_OPTIMIZATION_LEVEL = 0;
				GCC_PREPROCESSOR_DEFINITIONS = (
					"DEBUG=1",
					"$(inherited)",
				);
				GCC_SYMBOLS_PRIVATE_EXTERN = NO;
				GCC_WARN_64_TO_32_BIT_CONVERSION = YES;
				GCC_WARN_ABOUT_RETURN_TYPE = YES_ERROR;
				GCC_WARN_UNDECLARED_SELECTOR = YES;
				GCC_WARN_UNINITIALIZED_AUTOS = YES_AGGRESSIVE;
				GCC_WARN_UNUSED_FUNCTION = YES;
				GCC_WARN_UNUSED_VARIABLE = YES;
				IPHONEOS_DEPLOYMENT_TARGET = 8.2;
				MTL_ENABLE_DEBUG_INFO = YES;
				ONLY_ACTIVE_ARCH = YES;
				SDKROOT = iphoneos;
				SWIFT_OPTIMIZATION_LEVEL = "-Onone";
			};
			name = Debug;
		};
		D0B51CD91AB7589100C26D1F /* Release */ = {
			isa = XCBuildConfiguration;
			buildSettings = {
				ALWAYS_SEARCH_USER_PATHS = NO;
				CLANG_CXX_LANGUAGE_STANDARD = "gnu++0x";
				CLANG_CXX_LIBRARY = "libc++";
				CLANG_ENABLE_MODULES = YES;
				CLANG_ENABLE_OBJC_ARC = YES;
				CLANG_WARN_BOOL_CONVERSION = YES;
				CLANG_WARN_CONSTANT_CONVERSION = YES;
				CLANG_WARN_DIRECT_OBJC_ISA_USAGE = YES_ERROR;
				CLANG_WARN_EMPTY_BODY = YES;
				CLANG_WARN_ENUM_CONVERSION = YES;
				CLANG_WARN_INT_CONVERSION = YES;
				CLANG_WARN_OBJC_ROOT_CLASS = YES_ERROR;
				CLANG_WARN_UNREACHABLE_CODE = YES;
				CLANG_WARN__DUPLICATE_METHOD_MATCH = YES;
				"CODE_SIGN_IDENTITY[sdk=iphoneos*]" = "iPhone Developer";
				COPY_PHASE_STRIP = NO;
				ENABLE_NS_ASSERTIONS = NO;
				ENABLE_STRICT_OBJC_MSGSEND = YES;
				GCC_C_LANGUAGE_STANDARD = gnu99;
				GCC_WARN_64_TO_32_BIT_CONVERSION = YES;
				GCC_WARN_ABOUT_RETURN_TYPE = YES_ERROR;
				GCC_WARN_UNDECLARED_SELECTOR = YES;
				GCC_WARN_UNINITIALIZED_AUTOS = YES_AGGRESSIVE;
				GCC_WARN_UNUSED_FUNCTION = YES;
				GCC_WARN_UNUSED_VARIABLE = YES;
				IPHONEOS_DEPLOYMENT_TARGET = 8.2;
				MTL_ENABLE_DEBUG_INFO = NO;
				SDKROOT = iphoneos;
				VALIDATE_PRODUCT = YES;
			};
			name = Release;
		};
		D0B51CDB1AB7589100C26D1F /* Debug */ = {
			isa = XCBuildConfiguration;
			buildSettings = {
				ASSETCATALOG_COMPILER_APPICON_NAME = AppIcon;
				CLANG_ENABLE_MODULES = YES;
				CODE_SIGN_IDENTITY = "iPhone Developer";
				"CODE_SIGN_IDENTITY[sdk=iphoneos*]" = "iPhone Developer";
				INFOPLIST_FILE = "Skyward Jump/Info.plist";
				LD_RUNPATH_SEARCH_PATHS = "$(inherited) @executable_path/Frameworks";
				PRODUCT_NAME = "$(TARGET_NAME)";
				PROVISIONING_PROFILE = "";
				SWIFT_OBJC_BRIDGING_HEADER = "Skyward Jump/Skyward Jump-Bridging-Header.h";
				SWIFT_OPTIMIZATION_LEVEL = "-Onone";
			};
			name = Debug;
		};
		D0B51CDC1AB7589100C26D1F /* Release */ = {
			isa = XCBuildConfiguration;
			buildSettings = {
				ASSETCATALOG_COMPILER_APPICON_NAME = AppIcon;
				CLANG_ENABLE_MODULES = YES;
				CODE_SIGN_IDENTITY = "iPhone Developer";
				"CODE_SIGN_IDENTITY[sdk=iphoneos*]" = "iPhone Developer";
				INFOPLIST_FILE = "Skyward Jump/Info.plist";
				LD_RUNPATH_SEARCH_PATHS = "$(inherited) @executable_path/Frameworks";
				PRODUCT_NAME = "$(TARGET_NAME)";
				PROVISIONING_PROFILE = "";
				SWIFT_OBJC_BRIDGING_HEADER = "Skyward Jump/Skyward Jump-Bridging-Header.h";
			};
			name = Release;
		};
		D0B51CDE1AB7589100C26D1F /* Debug */ = {
			isa = XCBuildConfiguration;
			buildSettings = {
				BUNDLE_LOADER = "$(TEST_HOST)";
				FRAMEWORK_SEARCH_PATHS = (
					"$(SDKROOT)/Developer/Library/Frameworks",
					"$(inherited)",
				);
				GCC_PREPROCESSOR_DEFINITIONS = (
					"DEBUG=1",
					"$(inherited)",
				);
				INFOPLIST_FILE = "Skyward JumpTests/Info.plist";
				LD_RUNPATH_SEARCH_PATHS = "$(inherited) @executable_path/Frameworks @loader_path/Frameworks";
				PRODUCT_NAME = "$(TARGET_NAME)";
				TEST_HOST = "$(BUILT_PRODUCTS_DIR)/Skyward Jump.app/Skyward Jump";
			};
			name = Debug;
		};
		D0B51CDF1AB7589100C26D1F /* Release */ = {
			isa = XCBuildConfiguration;
			buildSettings = {
				BUNDLE_LOADER = "$(TEST_HOST)";
				FRAMEWORK_SEARCH_PATHS = (
					"$(SDKROOT)/Developer/Library/Frameworks",
					"$(inherited)",
				);
				INFOPLIST_FILE = "Skyward JumpTests/Info.plist";
				LD_RUNPATH_SEARCH_PATHS = "$(inherited) @executable_path/Frameworks @loader_path/Frameworks";
				PRODUCT_NAME = "$(TARGET_NAME)";
				TEST_HOST = "$(BUILT_PRODUCTS_DIR)/Skyward Jump.app/Skyward Jump";
			};
			name = Release;
		};
/* End XCBuildConfiguration section */

/* Begin XCConfigurationList section */
		D0B51CB21AB7589100C26D1F /* Build configuration list for PBXProject "Skyward Jump" */ = {
			isa = XCConfigurationList;
			buildConfigurations = (
				D0B51CD81AB7589100C26D1F /* Debug */,
				D0B51CD91AB7589100C26D1F /* Release */,
			);
			defaultConfigurationIsVisible = 0;
			defaultConfigurationName = Release;
		};
		D0B51CDA1AB7589100C26D1F /* Build configuration list for PBXNativeTarget "Skyward Jump" */ = {
			isa = XCConfigurationList;
			buildConfigurations = (
				D0B51CDB1AB7589100C26D1F /* Debug */,
				D0B51CDC1AB7589100C26D1F /* Release */,
			);
			defaultConfigurationIsVisible = 0;
			defaultConfigurationName = Release;
		};
		D0B51CDD1AB7589100C26D1F /* Build configuration list for PBXNativeTarget "Skyward JumpTests" */ = {
			isa = XCConfigurationList;
			buildConfigurations = (
				D0B51CDE1AB7589100C26D1F /* Debug */,
				D0B51CDF1AB7589100C26D1F /* Release */,
			);
			defaultConfigurationIsVisible = 0;
			defaultConfigurationName = Release;
		};
/* End XCConfigurationList section */
	};
	rootObject = D0B51CAF1AB7589100C26D1F /* Project object */;
}
